
Microsoft Visual Studio Solution File, Format Version 12.00
# Visual Studio Version 16
VisualStudioVersion = 16.0.29306.81
MinimumVisualStudioVersion = 10.0.40219.1
Project("{FAE04EC0-301F-11D3-BF4B-00C04F79EFBC}") = "oriaimunka1018", "oriaimunka1018\oriaimunka1018.csproj", "{5A1348F5-0465-44D4-9218-56DDF744F82A}"
EndProject
Global
	GlobalSection(SolutionConfigurationPlatforms) = preSolution
		Debug|Any CPU = Debug|Any CPU
		Release|Any CPU = Release|Any CPU
	EndGlobalSection
	GlobalSection(ProjectConfigurationPlatforms) = postSolution
		{5A1348F5-0465-44D4-9218-56DDF744F82A}.Debug|Any CPU.ActiveCfg = Debug|Any CPU
		{5A1348F5-0465-44D4-9218-56DDF744F82A}.Debug|Any CPU.Build.0 = Debug|Any CPU
		{5A1348F5-0465-44D4-9218-56DDF744F82A}.Release|Any CPU.ActiveCfg = Release|Any CPU
		{5A1348F5-0465-44D4-9218-56DDF744F82A}.Release|Any CPU.Build.0 = Release|Any CPU
	EndGlobalSection
	GlobalSection(SolutionProperties) = preSolution
		HideSolutionNode = FALSE
	EndGlobalSection
	GlobalSection(ExtensibilityGlobals) = postSolution
		SolutionGuid = {8DCEC51B-F95A-4622-B52C-A673037603A4}
	EndGlobalSection
EndGlobal
